
Microsoft Visual Studio Solution File, Format Version 12.00
# Visual Studio 15
VisualStudioVersion = 15.0.28010.2041
MinimumVisualStudioVersion = 10.0.40219.1
Project("{FAE04EC0-301F-11D3-BF4B-00C04F79EFBC}") = "Banka_Otomasyon_Sistemi", "Banka_Otomasyon_Sistemi\Banka_Otomasyon_Sistemi.csproj", "{ECEF6849-6346-435F-B602-9C2A94137D49}"
EndProject
Global
	GlobalSection(SolutionConfigurationPlatforms) = preSolution
		Debug|Any CPU = Debug|Any CPU
		Release|Any CPU = Release|Any CPU
	EndGlobalSection
	GlobalSection(ProjectConfigurationPlatforms) = postSolution
		{ECEF6849-6346-435F-B602-9C2A94137D49}.Debug|Any CPU.ActiveCfg = Debug|Any CPU
		{ECEF6849-6346-435F-B602-9C2A94137D49}.Debug|Any CPU.Build.0 = Debug|Any CPU
		{ECEF6849-6346-435F-B602-9C2A94137D49}.Release|Any CPU.ActiveCfg = Release|Any CPU
		{ECEF6849-6346-435F-B602-9C2A94137D49}.Release|Any CPU.Build.0 = Release|Any CPU
	EndGlobalSection
	GlobalSection(SolutionProperties) = preSolution
		HideSolutionNode = FALSE
	EndGlobalSection
	GlobalSection(ExtensibilityGlobals) = postSolution
		SolutionGuid = {3C57A32B-C8C0-4758-AA78-A41668946C08}
	EndGlobalSection
EndGlobal
